schema: '2.0'
stages:
  data_collection:
    cmd: python src/data_collection.py
    deps:
    - path: src/data_collection.py
      hash: md5
      md5: 2aee3c95c8ae4af01f95b0d62643340e
      size: 622
    params:
      params.yaml:
        data_collection.test_size: 0.3
    outs:
    - path: data/raw
      hash: md5
      md5: b16d12bd928d9da9a2782e54ea43bcdd.dir
      size: 518984
      nfiles: 2
  pre_processing:
    cmd: python src/data_prep.py
    deps:
    - path: data/raw
      hash: md5
      md5: b16d12bd928d9da9a2782e54ea43bcdd.dir
      size: 518984
      nfiles: 2
    - path: src/data_prep.py
      hash: md5
      md5: 327eb308ac2bd773ff64f538b8934527
      size: 619
    outs:
    - path: data/processed
      hash: md5
      md5: eaaaa71a1525b514e6eccae76ca28315.dir
      size: 542986
      nfiles: 2
  feature_engineering:
    cmd: python src/feature_engineering.py
    deps:
    - path: data/processed
      hash: md5
      md5: eaaaa71a1525b514e6eccae76ca28315.dir
      size: 542986
      nfiles: 2
    - path: src/feature_engineering.py
      hash: md5
      md5: 09086d00f9f6875149aec238625f6349
      size: 1274
    outs:
    - path: data/featured
      hash: md5
      md5: e8eb7c05ed06806b007198208e31d8e2.dir
      size: 587634
      nfiles: 2
  model_building:
    cmd: python src/model_building.py
    deps:
    - path: data/featured
      hash: md5
      md5: e8eb7c05ed06806b007198208e31d8e2.dir
      size: 587634
      nfiles: 2
    - path: src/model_building.py
      hash: md5
      md5: 76c1cce1fd48e0451aefcaf264b82040
      size: 599
    params:
      params.yaml:
        model_building.n_estimators: 1000
    outs:
    - path: model.pkl
      hash: md5
      md5: 6c75f03db794221244ed1c34f4fa6714
      size: 6515033
  model_eval:
    cmd: python src/model_eval.py
    deps:
    - path: model.pkl
      hash: md5
      md5: 6c75f03db794221244ed1c34f4fa6714
      size: 6515033
    - path: src/model_eval.py
      hash: md5
      md5: f9721e97d9fbff7c4c49f85c4463f63b
      size: 763
    outs:
    - path: metrics.json
      hash: md5
      md5: a2983e56e59166cba9e0612578c95c7e
      size: 147
